{
  "nodes": {
    "darwin": {
      "inputs": {
        "nixpkgs": [
          "nixpkgs"
        ]
      },
      "locked": {
        "lastModified": 1733570843,
        "narHash": "sha256-sQJAxY1TYWD1UyibN/FnN97paTFuwBw3Vp3DNCyKsMk=",
        "owner": "LnL7",
        "repo": "nix-darwin",
        "rev": "a35b08d09efda83625bef267eb24347b446c80b8",
        "type": "github"
      },
      "original": {
        "owner": "LnL7",
        "repo": "nix-darwin",
        "type": "github"
      }
    },
    "firefox-darwin": {
      "inputs": {
        "nixpkgs": "nixpkgs"
      },
      "locked": {
        "lastModified": 1734019643,
        "narHash": "sha256-zGhYP2Iq6jFK6V8IqwQwarWI0v9WPhRue3ktHqiLdF8=",
        "owner": "luengoi",
        "repo": "nix-firefox-darwin",
        "rev": "cceaf63412569a50bbf3f584c30106e7311319cd",
        "type": "github"
      },
      "original": {
        "owner": "luengoi",
        "repo": "nix-firefox-darwin",
        "type": "github"
      }
    },
    "flake-parts": {
      "inputs": {
        "nixpkgs-lib": [
          "nur",
          "nixpkgs"
        ]
      },
      "locked": {
        "lastModified": 1733312601,
        "narHash": "sha256-4pDvzqnegAfRkPwO3wmwBhVi/Sye1mzps0zHWYnP88c=",
        "owner": "hercules-ci",
        "repo": "flake-parts",
        "rev": "205b12d8b7cd4802fbcb8e8ef6a0f1408781a4f9",
        "type": "github"
      },
      "original": {
        "owner": "hercules-ci",
        "repo": "flake-parts",
        "type": "github"
      }
    },
    "home-manager": {
      "inputs": {
        "nixpkgs": [
          "nixpkgs"
        ]
      },
      "locked": {
        "lastModified": 1733951607,
        "narHash": "sha256-CN6q6iCzxI1gkNyk4xLdwaMKi10r7n+aJkRzWj8PXwQ=",
        "owner": "nix-community",
        "repo": "home-manager",
        "rev": "6e5b2d9e8014b5572e3367937a329e7053458d34",
        "type": "github"
      },
      "original": {
        "owner": "nix-community",
        "repo": "home-manager",
        "type": "github"
      }
    },
    "nixpkgs": {
      "locked": {
        "lastModified": 1729722069,
        "narHash": "sha256-gY9Wc8ZhBsPdQqWnTV+XuNaj2dbQW0uslAaJHamczSE=",
        "owner": "nixos",
        "repo": "nixpkgs",
        "rev": "6301495959cf1737c6ebcd153833e4c4596f56e2",
        "type": "github"
      },
      "original": {
        "owner": "nixos",
        "ref": "nixpkgs-unstable",
        "repo": "nixpkgs",
        "type": "github"
      }
    },
    "nixpkgs_2": {
      "locked": {
        "lastModified": 1733749988,
        "narHash": "sha256-+5qdtgXceqhK5ZR1YbP1fAUsweBIrhL38726oIEAtDs=",
        "owner": "NixOS",
        "repo": "nixpkgs",
        "rev": "bc27f0fde01ce4e1bfec1ab122d72b7380278e68",
        "type": "github"
      },
      "original": {
        "owner": "NixOS",
        "ref": "nixpkgs-unstable",
        "repo": "nixpkgs",
        "type": "github"
      }
    },
    "nixpkgs_3": {
      "locked": {
        "lastModified": 1733759999,
        "narHash": "sha256-463SNPWmz46iLzJKRzO3Q2b0Aurff3U1n0nYItxq7jU=",
        "owner": "nixos",
        "repo": "nixpkgs",
        "rev": "a73246e2eef4c6ed172979932bc80e1404ba2d56",
        "type": "github"
      },
      "original": {
        "owner": "nixos",
        "ref": "nixos-unstable",
        "repo": "nixpkgs",
        "type": "github"
      }
    },
    "nur": {
      "inputs": {
        "flake-parts": "flake-parts",
        "nixpkgs": "nixpkgs_3",
        "treefmt-nix": "treefmt-nix"
      },
      "locked": {
        "lastModified": 1734025514,
        "narHash": "sha256-yay4hrUJ0kFg9beKSx+spb4mRIGHsA57QcaKdjTEf7c=",
        "owner": "nix-community",
        "repo": "nur",
        "rev": "09c95ddd320d1c44495fa014e654df6e4312502f",
        "type": "github"
      },
      "original": {
        "owner": "nix-community",
        "repo": "nur",
        "type": "github"
      }
    },
    "root": {
      "inputs": {
        "darwin": "darwin",
        "firefox-darwin": "firefox-darwin",
        "home-manager": "home-manager",
        "nixpkgs": "nixpkgs_2",
        "nur": "nur"
      }
    },
    "treefmt-nix": {
      "inputs": {
        "nixpkgs": [
          "nur",
          "nixpkgs"
        ]
      },
      "locked": {
        "lastModified": 1733222881,
        "narHash": "sha256-JIPcz1PrpXUCbaccEnrcUS8jjEb/1vJbZz5KkobyFdM=",
        "owner": "numtide",
        "repo": "treefmt-nix",
        "rev": "49717b5af6f80172275d47a418c9719a31a78b53",
        "type": "github"
      },
      "original": {
        "owner": "numtide",
        "repo": "treefmt-nix",
        "type": "github"
      }
    }
  },
  "root": "root",
  "version": 7
}
