{
  "nodes": {
    "darwin": {
      "inputs": {
        "nixpkgs": [
          "nixpkgs"
        ]
      },
      "locked": {
        "lastModified": 1740636552,
        "narHash": "sha256-vBtVB8uU4Bxbyz43MhldAGX91i15j4LJI1Ss3mCCO7s=",
        "owner": "LnL7",
        "repo": "nix-darwin",
        "rev": "665cc04a60eb8ba47d41eadbe6264ca8a71943e8",
        "type": "github"
      },
      "original": {
        "owner": "LnL7",
        "repo": "nix-darwin",
        "type": "github"
      }
    },
    "firefox-darwin": {
      "inputs": {
        "nixpkgs": "nixpkgs"
      },
      "locked": {
        "lastModified": 1739926035,
        "narHash": "sha256-pgomm3jFtOhgwMTwHJyi5+cKDj3zMH2FeOfUjuk6dYo=",
        "owner": "luengoi",
        "repo": "nix-firefox-darwin",
        "rev": "a61b84b0d929499b12cf60187de7070585874275",
        "type": "github"
      },
      "original": {
        "owner": "luengoi",
        "repo": "nix-firefox-darwin",
        "type": "github"
      }
    },
    "flake-parts": {
      "inputs": {
        "nixpkgs-lib": [
          "nur",
          "nixpkgs"
        ]
      },
      "locked": {
        "lastModified": 1733312601,
        "narHash": "sha256-4pDvzqnegAfRkPwO3wmwBhVi/Sye1mzps0zHWYnP88c=",
        "owner": "hercules-ci",
        "repo": "flake-parts",
        "rev": "205b12d8b7cd4802fbcb8e8ef6a0f1408781a4f9",
        "type": "github"
      },
      "original": {
        "owner": "hercules-ci",
        "repo": "flake-parts",
        "type": "github"
      }
    },
    "home-manager": {
      "inputs": {
        "nixpkgs": [
          "nixpkgs"
        ]
      },
      "locked": {
        "lastModified": 1740624780,
        "narHash": "sha256-8TP61AI3QBQsjzVUQFIV8NoB5nbYfJB3iHczhBikDkU=",
        "owner": "nix-community",
        "repo": "home-manager",
        "rev": "b8869e4ead721bbd4f0d6b927e8395705d4f16e6",
        "type": "github"
      },
      "original": {
        "owner": "nix-community",
        "repo": "home-manager",
        "type": "github"
      }
    },
    "nixpkgs": {
      "locked": {
        "lastModified": 1729722069,
        "narHash": "sha256-gY9Wc8ZhBsPdQqWnTV+XuNaj2dbQW0uslAaJHamczSE=",
        "owner": "nixos",
        "repo": "nixpkgs",
        "rev": "6301495959cf1737c6ebcd153833e4c4596f56e2",
        "type": "github"
      },
      "original": {
        "owner": "nixos",
        "ref": "nixpkgs-unstable",
        "repo": "nixpkgs",
        "type": "github"
      }
    },
    "nixpkgs_2": {
      "locked": {
        "lastModified": 1740547748,
        "narHash": "sha256-Ly2fBL1LscV+KyCqPRufUBuiw+zmWrlJzpWOWbahplg=",
        "owner": "NixOS",
        "repo": "nixpkgs",
        "rev": "3a05eebede89661660945da1f151959900903b6a",
        "type": "github"
      },
      "original": {
        "owner": "NixOS",
        "ref": "nixpkgs-unstable",
        "repo": "nixpkgs",
        "type": "github"
      }
    },
    "nixpkgs_3": {
      "locked": {
        "lastModified": 1740367490,
        "narHash": "sha256-WGaHVAjcrv+Cun7zPlI41SerRtfknGQap281+AakSAw=",
        "owner": "nixos",
        "repo": "nixpkgs",
        "rev": "0196c0175e9191c474c26ab5548db27ef5d34b05",
        "type": "github"
      },
      "original": {
        "owner": "nixos",
        "ref": "nixos-unstable",
        "repo": "nixpkgs",
        "type": "github"
      }
    },
    "nur": {
      "inputs": {
        "flake-parts": "flake-parts",
        "nixpkgs": "nixpkgs_3",
        "treefmt-nix": "treefmt-nix"
      },
      "locked": {
        "lastModified": 1740646392,
        "narHash": "sha256-L3BYIdzzqFgeeVE4tRXJUXH1tz2t/fAOfXuXGUhb8kE=",
        "owner": "nix-community",
        "repo": "nur",
        "rev": "3a837f04cf508ed3e0d4f7d3069cdcefd7a722de",
        "type": "github"
      },
      "original": {
        "owner": "nix-community",
        "repo": "nur",
        "type": "github"
      }
    },
    "root": {
      "inputs": {
        "darwin": "darwin",
        "firefox-darwin": "firefox-darwin",
        "home-manager": "home-manager",
        "nixpkgs": "nixpkgs_2",
        "nur": "nur"
      }
    },
    "treefmt-nix": {
      "inputs": {
        "nixpkgs": [
          "nur",
          "nixpkgs"
        ]
      },
      "locked": {
        "lastModified": 1733222881,
        "narHash": "sha256-JIPcz1PrpXUCbaccEnrcUS8jjEb/1vJbZz5KkobyFdM=",
        "owner": "numtide",
        "repo": "treefmt-nix",
        "rev": "49717b5af6f80172275d47a418c9719a31a78b53",
        "type": "github"
      },
      "original": {
        "owner": "numtide",
        "repo": "treefmt-nix",
        "type": "github"
      }
    }
  },
  "root": "root",
  "version": 7
}
